// !$*UTF8*$!
{
	archiveVersion = 1;
	classes = {
	};
	objectVersion = 50;
	objects = {

/* Begin PBXBuildFile section */
		CC31D8C2237F07C7009B1287 /* ErrorKit.framework in Frameworks */ = {isa = PBXBuildFile; fileRef = CC31D8B8237F07C7009B1287 /* ErrorKit.framework */; };
		CC31D8C7237F07C7009B1287 /* ErrorKitTests.swift in Sources */ = {isa = PBXBuildFile; fileRef = CC31D8C6237F07C7009B1287 /* ErrorKitTests.swift */; };
		CC31D8C9237F07C7009B1287 /* ErrorKit.h in Headers */ = {isa = PBXBuildFile; fileRef = CC31D8BB237F07C7009B1287 /* ErrorKit.h */; settings = {ATTRIBUTES = (Public, ); }; };
		CC31D8D4237F08F6009B1287 /* ErrorPrintable.swift in Sources */ = {isa = PBXBuildFile; fileRef = CC31D8D3237F08F6009B1287 /* ErrorPrintable.swift */; };
		CC31D8DA237F15C6009B1287 /* ExceptionType.swift in Sources */ = {isa = PBXBuildFile; fileRef = CC31D8D9237F15C6009B1287 /* ExceptionType.swift */; };
		CC31D8E1237F2611009B1287 /* KeyCreator.swift in Sources */ = {isa = PBXBuildFile; fileRef = CC31D8E0237F2611009B1287 /* KeyCreator.swift */; };
		CC31D8E3237F287F009B1287 /* Exception.swift in Sources */ = {isa = PBXBuildFile; fileRef = CC31D8E2237F287F009B1287 /* Exception.swift */; };
		CC31D8E6237F28F3009B1287 /* Date_Extensions.swift in Sources */ = {isa = PBXBuildFile; fileRef = CC31D8E5237F28F3009B1287 /* Date_Extensions.swift */; };
		CC31D8E8237F29F9009B1287 /* Error_Extensions.swift in Sources */ = {isa = PBXBuildFile; fileRef = CC31D8E7237F29F9009B1287 /* Error_Extensions.swift */; };
		CC31D8EA237F2E27009B1287 /* ErrorKit.swift in Sources */ = {isa = PBXBuildFile; fileRef = CC31D8E9237F2E27009B1287 /* ErrorKit.swift */; };
		CC31D8ED237F2F70009B1287 /* Notifications.swift in Sources */ = {isa = PBXBuildFile; fileRef = CC31D8EC237F2F70009B1287 /* Notifications.swift */; };
/* End PBXBuildFile section */

/* Begin PBXContainerItemProxy section */
		CC31D8C3237F07C7009B1287 /* PBXContainerItemProxy */ = {
			isa = PBXContainerItemProxy;
			containerPortal = CC31D8AF237F07C7009B1287 /* Project object */;
			proxyType = 1;
			remoteGlobalIDString = CC31D8B7237F07C7009B1287;
			remoteInfo = ErrorKit;
		};
/* End PBXContainerItemProxy section */

/* Begin PBXFileReference section */
		CC31D8B8237F07C7009B1287 /* ErrorKit.framework */ = {isa = PBXFileReference; explicitFileType = wrapper.framework; includeInIndex = 0; path = ErrorKit.framework; sourceTree = BUILT_PRODUCTS_DIR; };
		CC31D8BB237F07C7009B1287 /* ErrorKit.h */ = {isa = PBXFileReference; lastKnownFileType = sourcecode.c.h; path = ErrorKit.h; sourceTree = "<group>"; };
		CC31D8BC237F07C7009B1287 /* Info.plist */ = {isa = PBXFileReference; lastKnownFileType = text.plist.xml; path = Info.plist; sourceTree = "<group>"; };
		CC31D8C1237F07C7009B1287 /* ErrorKitTests.xctest */ = {isa = PBXFileReference; explicitFileType = wrapper.cfbundle; includeInIndex = 0; path = ErrorKitTests.xctest; sourceTree = BUILT_PRODUCTS_DIR; };
		CC31D8C6237F07C7009B1287 /* ErrorKitTests.swift */ = {isa = PBXFileReference; lastKnownFileType = sourcecode.swift; path = ErrorKitTests.swift; sourceTree = "<group>"; };
		CC31D8C8237F07C7009B1287 /* Info.plist */ = {isa = PBXFileReference; lastKnownFileType = text.plist.xml; path = Info.plist; sourceTree = "<group>"; };
		CC31D8D3237F08F6009B1287 /* ErrorPrintable.swift */ = {isa = PBXFileReference; lastKnownFileType = sourcecode.swift; path = ErrorPrintable.swift; sourceTree = "<group>"; };
		CC31D8D9237F15C6009B1287 /* ExceptionType.swift */ = {isa = PBXFileReference; lastKnownFileType = sourcecode.swift; path = ExceptionType.swift; sourceTree = "<group>"; };
		CC31D8E0237F2611009B1287 /* KeyCreator.swift */ = {isa = PBXFileReference; lastKnownFileType = sourcecode.swift; path = KeyCreator.swift; sourceTree = "<group>"; };
		CC31D8E2237F287F009B1287 /* Exception.swift */ = {isa = PBXFileReference; lastKnownFileType = sourcecode.swift; path = Exception.swift; sourceTree = "<group>"; };
		CC31D8E5237F28F3009B1287 /* Date_Extensions.swift */ = {isa = PBXFileReference; lastKnownFileType = sourcecode.swift; path = Date_Extensions.swift; sourceTree = "<group>"; };
		CC31D8E7237F29F9009B1287 /* Error_Extensions.swift */ = {isa = PBXFileReference; lastKnownFileType = sourcecode.swift; path = Error_Extensions.swift; sourceTree = "<group>"; };
		CC31D8E9237F2E27009B1287 /* ErrorKit.swift */ = {isa = PBXFileReference; lastKnownFileType = sourcecode.swift; path = ErrorKit.swift; sourceTree = "<group>"; };
		CC31D8EC237F2F70009B1287 /* Notifications.swift */ = {isa = PBXFileReference; lastKnownFileType = sourcecode.swift; path = Notifications.swift; sourceTree = "<group>"; };
/* End PBXFileReference section */

/* Begin PBXFrameworksBuildPhase section */
		CC31D8B5237F07C7009B1287 /* Frameworks */ = {
			isa = PBXFrameworksBuildPhase;
			buildActionMask = 2147483647;
			files = (
			);
			runOnlyForDeploymentPostprocessing = 0;
		};
		CC31D8BE237F07C7009B1287 /* Frameworks */ = {
			isa = PBXFrameworksBuildPhase;
			buildActionMask = 2147483647;
			files = (
				CC31D8C2237F07C7009B1287 /* ErrorKit.framework in Frameworks */,
			);
			runOnlyForDeploymentPostprocessing = 0;
		};
/* End PBXFrameworksBuildPhase section */

/* Begin PBXGroup section */
		CC31D8AE237F07C7009B1287 = {
			isa = PBXGroup;
			children = (
				CC31D8BA237F07C7009B1287 /* ErrorKit */,
				CC31D8C5237F07C7009B1287 /* ErrorKitTests */,
				CC31D8B9237F07C7009B1287 /* Products */,
			);
			sourceTree = "<group>";
		};
		CC31D8B9237F07C7009B1287 /* Products */ = {
			isa = PBXGroup;
			children = (
				CC31D8B8237F07C7009B1287 /* ErrorKit.framework */,
				CC31D8C1237F07C7009B1287 /* ErrorKitTests.xctest */,
			);
			name = Products;
			sourceTree = "<group>";
		};
		CC31D8BA237F07C7009B1287 /* ErrorKit */ = {
			isa = PBXGroup;
			children = (
				CC31D8EB237F2F63009B1287 /* Global */,
				CC31D8E4237F28E1009B1287 /* Extensions */,
				CC31D8DF237F2602009B1287 /* Structs */,
				CC31D8DE237F1A53009B1287 /* Models */,
				CC31D8D8237F15B6009B1287 /* Enumerations */,
				CC31D8D2237F08E2009B1287 /* Protocols */,
				CC31D8BB237F07C7009B1287 /* ErrorKit.h */,
				CC31D8BC237F07C7009B1287 /* Info.plist */,
			);
			path = ErrorKit;
			sourceTree = "<group>";
		};
		CC31D8C5237F07C7009B1287 /* ErrorKitTests */ = {
			isa = PBXGroup;
			children = (
				CC31D8C6237F07C7009B1287 /* ErrorKitTests.swift */,
				CC31D8C8237F07C7009B1287 /* Info.plist */,
			);
			path = ErrorKitTests;
			sourceTree = "<group>";
		};
		CC31D8D2237F08E2009B1287 /* Protocols */ = {
			isa = PBXGroup;
			children = (
				CC31D8D3237F08F6009B1287 /* ErrorPrintable.swift */,
			);
			path = Protocols;
			sourceTree = "<group>";
		};
		CC31D8D8237F15B6009B1287 /* Enumerations */ = {
			isa = PBXGroup;
			children = (
				CC31D8D9237F15C6009B1287 /* ExceptionType.swift */,
			);
			path = Enumerations;
			sourceTree = "<group>";
		};
		CC31D8DE237F1A53009B1287 /* Models */ = {
			isa = PBXGroup;
			children = (
				CC31D8E2237F287F009B1287 /* Exception.swift */,
			);
			path = Models;
			sourceTree = "<group>";
		};
		CC31D8DF237F2602009B1287 /* Structs */ = {
			isa = PBXGroup;
			children = (
				CC31D8E9237F2E27009B1287 /* ErrorKit.swift */,
				CC31D8E0237F2611009B1287 /* KeyCreator.swift */,
			);
			path = Structs;
			sourceTree = "<group>";
		};
		CC31D8E4237F28E1009B1287 /* Extensions */ = {
			isa = PBXGroup;
			children = (
				CC31D8E5237F28F3009B1287 /* Date_Extensions.swift */,
				CC31D8E7237F29F9009B1287 /* Error_Extensions.swift */,
			);
			path = Extensions;
			sourceTree = "<group>";
		};
		CC31D8EB237F2F63009B1287 /* Global */ = {
			isa = PBXGroup;
			children = (
				CC31D8EC237F2F70009B1287 /* Notifications.swift */,
			);
			path = Global;
			sourceTree = "<group>";
		};
/* End PBXGroup section */

/* Begin PBXHeadersBuildPhase section */
		CC31D8B3237F07C7009B1287 /* Headers */ = {
			isa = PBXHeadersBuildPhase;
			buildActionMask = 2147483647;
			files = (
				CC31D8C9237F07C7009B1287 /* ErrorKit.h in Headers */,
			);
			runOnlyForDeploymentPostprocessing = 0;
		};
/* End PBXHeadersBuildPhase section */

/* Begin PBXNativeTarget section */
		CC31D8B7237F07C7009B1287 /* ErrorKit */ = {
			isa = PBXNativeTarget;
			buildConfigurationList = CC31D8CC237F07C7009B1287 /* Build configuration list for PBXNativeTarget "ErrorKit" */;
			buildPhases = (
				CC31D8B3237F07C7009B1287 /* Headers */,
				CC31D8B4237F07C7009B1287 /* Sources */,
				CC31D8B5237F07C7009B1287 /* Frameworks */,
				CC31D8B6237F07C7009B1287 /* Resources */,
			);
			buildRules = (
			);
			dependencies = (
			);
			name = ErrorKit;
			productName = ErrorKit;
			productReference = CC31D8B8237F07C7009B1287 /* ErrorKit.framework */;
			productType = "com.apple.product-type.framework";
		};
		CC31D8C0237F07C7009B1287 /* ErrorKitTests */ = {
			isa = PBXNativeTarget;
			buildConfigurationList = CC31D8CF237F07C7009B1287 /* Build configuration list for PBXNativeTarget "ErrorKitTests" */;
			buildPhases = (
				CC31D8BD237F07C7009B1287 /* Sources */,
				CC31D8BE237F07C7009B1287 /* Frameworks */,
				CC31D8BF237F07C7009B1287 /* Resources */,
			);
			buildRules = (
			);
			dependencies = (
				CC31D8C4237F07C7009B1287 /* PBXTargetDependency */,
			);
			name = ErrorKitTests;
			productName = ErrorKitTests;
			productReference = CC31D8C1237F07C7009B1287 /* ErrorKitTests.xctest */;
			productType = "com.apple.product-type.bundle.unit-test";
		};
/* End PBXNativeTarget section */

/* Begin PBXProject section */
		CC31D8AF237F07C7009B1287 /* Project object */ = {
			isa = PBXProject;
			attributes = {
				LastSwiftUpdateCheck = 1120;
				LastUpgradeCheck = 1120;
				ORGANIZATIONNAME = "Nomad Company";
				TargetAttributes = {
					CC31D8B7237F07C7009B1287 = {
						CreatedOnToolsVersion = 11.2.1;
						LastSwiftMigration = 1120;
					};
					CC31D8C0237F07C7009B1287 = {
						CreatedOnToolsVersion = 11.2.1;
					};
				};
			};
			buildConfigurationList = CC31D8B2237F07C7009B1287 /* Build configuration list for PBXProject "ErrorKit" */;
			compatibilityVersion = "Xcode 9.3";
			developmentRegion = en;
			hasScannedForEncodings = 0;
			knownRegions = (
				en,
				Base,
			);
			mainGroup = CC31D8AE237F07C7009B1287;
			productRefGroup = CC31D8B9237F07C7009B1287 /* Products */;
			projectDirPath = "";
			projectRoot = "";
			targets = (
				CC31D8B7237F07C7009B1287 /* ErrorKit */,
				CC31D8C0237F07C7009B1287 /* ErrorKitTests */,
			);
		};
/* End PBXProject section */

/* Begin PBXResourcesBuildPhase section */
		CC31D8B6237F07C7009B1287 /* Resources */ = {
			isa = PBXResourcesBuildPhase;
			buildActionMask = 2147483647;
			files = (
			);
			runOnlyForDeploymentPostprocessing = 0;
		};
		CC31D8BF237F07C7009B1287 /* Resources */ = {
			isa = PBXResourcesBuildPhase;
			buildActionMask = 2147483647;
			files = (
			);
			runOnlyForDeploymentPostprocessing = 0;
		};
/* End PBXResourcesBuildPhase section */

/* Begin PBXSourcesBuildPhase section */
		CC31D8B4237F07C7009B1287 /* Sources */ = {
			isa = PBXSourcesBuildPhase;
			buildActionMask = 2147483647;
			files = (
				CC31D8ED237F2F70009B1287 /* Notifications.swift in Sources */,
				CC31D8EA237F2E27009B1287 /* ErrorKit.swift in Sources */,
				CC31D8D4237F08F6009B1287 /* ErrorPrintable.swift in Sources */,
				CC31D8E6237F28F3009B1287 /* Date_Extensions.swift in Sources */,
				CC31D8E8237F29F9009B1287 /* Error_Extensions.swift in Sources */,
				CC31D8DA237F15C6009B1287 /* ExceptionType.swift in Sources */,
				CC31D8E3237F287F009B1287 /* Exception.swift in Sources */,
				CC31D8E1237F2611009B1287 /* KeyCreator.swift in Sources */,
			);
			runOnlyForDeploymentPostprocessing = 0;
		};
		CC31D8BD237F07C7009B1287 /* Sources */ = {
			isa = PBXSourcesBuildPhase;
			buildActionMask = 2147483647;
			files = (
				CC31D8C7237F07C7009B1287 /* ErrorKitTests.swift in Sources */,
			);
			runOnlyForDeploymentPostprocessing = 0;
		};
/* End PBXSourcesBuildPhase section */

/* Begin PBXTargetDependency section */
		CC31D8C4237F07C7009B1287 /* PBXTargetDependency */ = {
			isa = PBXTargetDependency;
			target = CC31D8B7237F07C7009B1287 /* ErrorKit */;
			targetProxy = CC31D8C3237F07C7009B1287 /* PBXContainerItemProxy */;
		};
/* End PBXTargetDependency section */

/* Begin XCBuildConfiguration section */
		CC31D8CA237F07C7009B1287 /* Debug */ = {
			isa = XCBuildConfiguration;
			buildSettings = {
				ALWAYS_SEARCH_USER_PATHS = NO;
				CLANG_ANALYZER_NONNULL = YES;
				CLANG_ANALYZER_NUMBER_OBJECT_CONVERSION = YES_AGGRESSIVE;
				CLANG_CXX_LANGUAGE_STANDARD = "gnu++14";
				CLANG_CXX_LIBRARY = "libc++";
				CLANG_ENABLE_MODULES = YES;
				CLANG_ENABLE_OBJC_ARC = YES;
				CLANG_ENABLE_OBJC_WEAK = YES;
				CLANG_WARN_BLOCK_CAPTURE_AUTORELEASING = YES;
				CLANG_WARN_BOOL_CONVERSION = YES;
				CLANG_WARN_COMMA = YES;
				CLANG_WARN_CONSTANT_CONVERSION = YES;
				CLANG_WARN_DEPRECATED_OBJC_IMPLEMENTATIONS = YES;
				CLANG_WARN_DIRECT_OBJC_ISA_USAGE = YES_ERROR;
				CLANG_WARN_DOCUMENTATION_COMMENTS = YES;
				CLANG_WARN_EMPTY_BODY = YES;
				CLANG_WARN_ENUM_CONVERSION = YES;
				CLANG_WARN_INFINITE_RECURSION = YES;
				CLANG_WARN_INT_CONVERSION = YES;
				CLANG_WARN_NON_LITERAL_NULL_CONVERSION = YES;
				CLANG_WARN_OBJC_IMPLICIT_RETAIN_SELF = YES;
				CLANG_WARN_OBJC_LITERAL_CONVERSION = YES;
				CLANG_WARN_OBJC_ROOT_CLASS = YES_ERROR;
				CLANG_WARN_RANGE_LOOP_ANALYSIS = YES;
				CLANG_WARN_STRICT_PROTOTYPES = YES;
				CLANG_WARN_SUSPICIOUS_MOVE = YES;
				CLANG_WARN_UNGUARDED_AVAILABILITY = YES_AGGRESSIVE;
				CLANG_WARN_UNREACHABLE_CODE = YES;
				CLANG_WARN__DUPLICATE_METHOD_MATCH = YES;
				COPY_PHASE_STRIP = NO;
				CURRENT_PROJECT_VERSION = 1;
				DEBUG_INFORMATION_FORMAT = dwarf;
				ENABLE_STRICT_OBJC_MSGSEND = YES;
				ENABLE_TESTABILITY = YES;
				GCC_C_LANGUAGE_STANDARD = gnu11;
				GCC_DYNAMIC_NO_PIC = NO;
				GCC_NO_COMMON_BLOCKS = YES;
				GCC_OPTIMIZATION_LEVEL = 0;
				GCC_PREPROCESSOR_DEFINITIONS = (
					"DEBUG=1",
					"$(inherited)",
				);
				GCC_WARN_64_TO_32_BIT_CONVERSION = YES;
				GCC_WARN_ABOUT_RETURN_TYPE = YES_ERROR;
				GCC_WARN_UNDECLARED_SELECTOR = YES;
				GCC_WARN_UNINITIALIZED_AUTOS = YES_AGGRESSIVE;
				GCC_WARN_UNUSED_FUNCTION = YES;
				GCC_WARN_UNUSED_VARIABLE = YES;
				IPHONEOS_DEPLOYMENT_TARGET = 13.2;
				MTL_ENABLE_DEBUG_INFO = INCLUDE_SOURCE;
				MTL_FAST_MATH = YES;
				ONLY_ACTIVE_ARCH = YES;
				SDKROOT = iphoneos;
				SWIFT_ACTIVE_COMPILATION_CONDITIONS = DEBUG;
				SWIFT_OPTIMIZATION_LEVEL = "-Onone";
				VERSIONING_SYSTEM = "apple-generic";
				VERSION_INFO_PREFIX = "";
			};
			name = Debug;
		};
		CC31D8CB237F07C7009B1287 /* Release */ = {
			isa = XCBuildConfiguration;
			buildSettings = {
				ALWAYS_SEARCH_USER_PATHS = NO;
				CLANG_ANALYZER_NONNULL = YES;
				CLANG_ANALYZER_NUMBER_OBJECT_CONVERSION = YES_AGGRESSIVE;
				CLANG_CXX_LANGUAGE_STANDARD = "gnu++14";
				CLANG_CXX_LIBRARY = "libc++";
				CLANG_ENABLE_MODULES = YES;
				CLANG_ENABLE_OBJC_ARC = YES;
				CLANG_ENABLE_OBJC_WEAK = YES;
				CLANG_WARN_BLOCK_CAPTURE_AUTORELEASING = YES;
				CLANG_WARN_BOOL_CONVERSION = YES;
				CLANG_WARN_COMMA = YES;
				CLANG_WARN_CONSTANT_CONVERSION = YES;
				CLANG_WARN_DEPRECATED_OBJC_IMPLEMENTATIONS = YES;
				CLANG_WARN_DIRECT_OBJC_ISA_USAGE = YES_ERROR;
				CLANG_WARN_DOCUMENTATION_COMMENTS = YES;
				CLANG_WARN_EMPTY_BODY = YES;
				CLANG_WARN_ENUM_CONVERSION = YES;
				CLANG_WARN_INFINITE_RECURSION = YES;
				CLANG_WARN_INT_CONVERSION = YES;
				CLANG_WARN_NON_LITERAL_NULL_CONVERSION = YES;
				CLANG_WARN_OBJC_IMPLICIT_RETAIN_SELF = YES;
				CLANG_WARN_OBJC_LITERAL_CONVERSION = YES;
				CLANG_WARN_OBJC_ROOT_CLASS = YES_ERROR;
				CLANG_WARN_RANGE_LOOP_ANALYSIS = YES;
				CLANG_WARN_STRICT_PROTOTYPES = YES;
				CLANG_WARN_SUSPICIOUS_MOVE = YES;
				CLANG_WARN_UNGUARDED_AVAILABILITY = YES_AGGRESSIVE;
				CLANG_WARN_UNREACHABLE_CODE = YES;
				CLANG_WARN__DUPLICATE_METHOD_MATCH = YES;
				COPY_PHASE_STRIP = NO;
				CURRENT_PROJECT_VERSION = 1;
				DEBUG_INFORMATION_FORMAT = "dwarf-with-dsym";
				ENABLE_NS_ASSERTIONS = NO;
				ENABLE_STRICT_OBJC_MSGSEND = YES;
				GCC_C_LANGUAGE_STANDARD = gnu11;
				GCC_NO_COMMON_BLOCKS = YES;
				GCC_WARN_64_TO_32_BIT_CONVERSION = YES;
				GCC_WARN_ABOUT_RETURN_TYPE = YES_ERROR;
				GCC_WARN_UNDECLARED_SELECTOR = YES;
				GCC_WARN_UNINITIALIZED_AUTOS = YES_AGGRESSIVE;
				GCC_WARN_UNUSED_FUNCTION = YES;
				GCC_WARN_UNUSED_VARIABLE = YES;
				IPHONEOS_DEPLOYMENT_TARGET = 13.2;
				MTL_ENABLE_DEBUG_INFO = NO;
				MTL_FAST_MATH = YES;
				SDKROOT = iphoneos;
				SWIFT_COMPILATION_MODE = wholemodule;
				SWIFT_OPTIMIZATION_LEVEL = "-O";
				VALIDATE_PRODUCT = YES;
				VERSIONING_SYSTEM = "apple-generic";
				VERSION_INFO_PREFIX = "";
			};
			name = Release;
		};
		CC31D8CD237F07C7009B1287 /* Debug */ = {
			isa = XCBuildConfiguration;
			buildSettings = {
				CLANG_ENABLE_MODULES = YES;
				CODE_SIGN_STYLE = Automatic;
				DEFINES_MODULE = YES;
				DYLIB_COMPATIBILITY_VERSION = 1;
				DYLIB_CURRENT_VERSION = 1;
				DYLIB_INSTALL_NAME_BASE = "@rpath";
				INFOPLIST_FILE = ErrorKit/Info.plist;
				INSTALL_PATH = "$(LOCAL_LIBRARY_DIR)/Frameworks";
				LD_RUNPATH_SEARCH_PATHS = (
					"$(inherited)",
					"@executable_path/Frameworks",
					"@loader_path/Frameworks",
				);
				PRODUCT_BUNDLE_IDENTIFIER = nomadgo.ErrorKit;
				PRODUCT_NAME = "$(TARGET_NAME:c99extidentifier)";
				SKIP_INSTALL = YES;
				SWIFT_OPTIMIZATION_LEVEL = "-Onone";
				SWIFT_VERSION = 5.0;
				TARGETED_DEVICE_FAMILY = "1,2";
			};
			name = Debug;
		};
		CC31D8CE237F07C7009B1287 /* Release */ = {
			isa = XCBuildConfiguration;
			buildSettings = {
				CLANG_ENABLE_MODULES = YES;
				CODE_SIGN_STYLE = Automatic;
				DEFINES_MODULE = YES;
				DYLIB_COMPATIBILITY_VERSION = 1;
				DYLIB_CURRENT_VERSION = 1;
				DYLIB_INSTALL_NAME_BASE = "@rpath";
				INFOPLIST_FILE = ErrorKit/Info.plist;
				INSTALL_PATH = "$(LOCAL_LIBRARY_DIR)/Frameworks";
				LD_RUNPATH_SEARCH_PATHS = (
					"$(inherited)",
					"@executable_path/Frameworks",
					"@loader_path/Frameworks",
				);
				PRODUCT_BUNDLE_IDENTIFIER = nomadgo.ErrorKit;
				PRODUCT_NAME = "$(TARGET_NAME:c99extidentifier)";
				SKIP_INSTALL = YES;
				SWIFT_VERSION = 5.0;
				TARGETED_DEVICE_FAMILY = "1,2";
			};
			name = Release;
		};
		CC31D8D0237F07C7009B1287 /* Debug */ = {
			isa = XCBuildConfiguration;
			buildSettings = {
				ALWAYS_EMBED_SWIFT_STANDARD_LIBRARIES = YES;
				CODE_SIGN_STYLE = Automatic;
				INFOPLIST_FILE = ErrorKitTests/Info.plist;
				LD_RUNPATH_SEARCH_PATHS = (
					"$(inherited)",
					"@executable_path/Frameworks",
					"@loader_path/Frameworks",
				);
				PRODUCT_BUNDLE_IDENTIFIER = nomadgo.ErrorKitTests;
				PRODUCT_NAME = "$(TARGET_NAME)";
				SWIFT_VERSION = 5.0;
				TARGETED_DEVICE_FAMILY = "1,2";
			};
			name = Debug;
		};
		CC31D8D1237F07C7009B1287 /* Release */ = {
			isa = XCBuildConfiguration;
			buildSettings = {
				ALWAYS_EMBED_SWIFT_STANDARD_LIBRARIES = YES;
				CODE_SIGN_STYLE = Automatic;
				INFOPLIST_FILE = ErrorKitTests/Info.plist;
				LD_RUNPATH_SEARCH_PATHS = (
					"$(inherited)",
					"@executable_path/Frameworks",
					"@loader_path/Frameworks",
				);
				PRODUCT_BUNDLE_IDENTIFIER = nomadgo.ErrorKitTests;
				PRODUCT_NAME = "$(TARGET_NAME)";
				SWIFT_VERSION = 5.0;
				TARGETED_DEVICE_FAMILY = "1,2";
			};
			name = Release;
		};
/* End XCBuildConfiguration section */

/* Begin XCConfigurationList section */
		CC31D8B2237F07C7009B1287 /* Build configuration list for PBXProject "ErrorKit" */ = {
			isa = XCConfigurationList;
			buildConfigurations = (
				CC31D8CA237F07C7009B1287 /* Debug */,
				CC31D8CB237F07C7009B1287 /* Release */,
			);
			defaultConfigurationIsVisible = 0;
			defaultConfigurationName = Release;
		};
		CC31D8CC237F07C7009B1287 /* Build configuration list for PBXNativeTarget "ErrorKit" */ = {
			isa = XCConfigurationList;
			buildConfigurations = (
				CC31D8CD237F07C7009B1287 /* Debug */,
				CC31D8CE237F07C7009B1287 /* Release */,
			);
			defaultConfigurationIsVisible = 0;
			defaultConfigurationName = Release;
		};
		CC31D8CF237F07C7009B1287 /* Build configuration list for PBXNativeTarget "ErrorKitTests" */ = {
			isa = XCConfigurationList;
			buildConfigurations = (
				CC31D8D0237F07C7009B1287 /* Debug */,
				CC31D8D1237F07C7009B1287 /* Release */,
			);
			defaultConfigurationIsVisible = 0;
			defaultConfigurationName = Release;
		};
/* End XCConfigurationList section */
	};
	rootObject = CC31D8AF237F07C7009B1287 /* Project object */;
}
